
Microsoft Visual Studio Solution File, Format Version 12.00
# Visual Studio 15
VisualStudioVersion = 15.0.27703.2026
MinimumVisualStudioVersion = 10.0.40219.1
Project("{FAE04EC0-301F-11D3-BF4B-00C04F79EFBC}") = "Methods-More-Exercise", "Methods-More-Exercise\Methods-More-Exercise.csproj", "{634FED65-D46D-489F-90F6-D88D873BF687}"
EndProject
Project("{FAE04EC0-301F-11D3-BF4B-00C04F79EFBC}") = "CenterPoint", "CenterPoint\CenterPoint.csproj", "{AA7CD35F-E5A8-4995-A987-2722EF528B9D}"
EndProject
Project("{FAE04EC0-301F-11D3-BF4B-00C04F79EFBC}") = "LongerLine", "LongerLine\LongerLine.csproj", "{AE961123-B130-4B2B-B229-4538C426AB2B}"
EndProject
Project("{FAE04EC0-301F-11D3-BF4B-00C04F79EFBC}") = "Tribonacci", "Tribonacci\Tribonacci.csproj", "{A3C39B96-41B2-4C88-B8F0-FF18248ECE2A}"
EndProject
Project("{FAE04EC0-301F-11D3-BF4B-00C04F79EFBC}") = "MultiplicationSign", "MultiplicationSign\MultiplicationSign.csproj", "{A723128A-AB50-462D-B554-FEB90B39C69C}"
EndProject
Global
	GlobalSection(SolutionConfigurationPlatforms) = preSolution
		Debug|Any CPU = Debug|Any CPU
		Release|Any CPU = Release|Any CPU
	EndGlobalSection
	GlobalSection(ProjectConfigurationPlatforms) = postSolution
		{634FED65-D46D-489F-90F6-D88D873BF687}.Debug|Any CPU.ActiveCfg = Debug|Any CPU
		{634FED65-D46D-489F-90F6-D88D873BF687}.Debug|Any CPU.Build.0 = Debug|Any CPU
		{634FED65-D46D-489F-90F6-D88D873BF687}.Release|Any CPU.ActiveCfg = Release|Any CPU
		{634FED65-D46D-489F-90F6-D88D873BF687}.Release|Any CPU.Build.0 = Release|Any CPU
		{AA7CD35F-E5A8-4995-A987-2722EF528B9D}.Debug|Any CPU.ActiveCfg = Debug|Any CPU
		{AA7CD35F-E5A8-4995-A987-2722EF528B9D}.Debug|Any CPU.Build.0 = Debug|Any CPU
		{AA7CD35F-E5A8-4995-A987-2722EF528B9D}.Release|Any CPU.ActiveCfg = Release|Any CPU
		{AA7CD35F-E5A8-4995-A987-2722EF528B9D}.Release|Any CPU.Build.0 = Release|Any CPU
		{AE961123-B130-4B2B-B229-4538C426AB2B}.Debug|Any CPU.ActiveCfg = Debug|Any CPU
		{AE961123-B130-4B2B-B229-4538C426AB2B}.Debug|Any CPU.Build.0 = Debug|Any CPU
		{AE961123-B130-4B2B-B229-4538C426AB2B}.Release|Any CPU.ActiveCfg = Release|Any CPU
		{AE961123-B130-4B2B-B229-4538C426AB2B}.Release|Any CPU.Build.0 = Release|Any CPU
		{A3C39B96-41B2-4C88-B8F0-FF18248ECE2A}.Debug|Any CPU.ActiveCfg = Debug|Any CPU
		{A3C39B96-41B2-4C88-B8F0-FF18248ECE2A}.Debug|Any CPU.Build.0 = Debug|Any CPU
		{A3C39B96-41B2-4C88-B8F0-FF18248ECE2A}.Release|Any CPU.ActiveCfg = Release|Any CPU
		{A3C39B96-41B2-4C88-B8F0-FF18248ECE2A}.Release|Any CPU.Build.0 = Release|Any CPU
		{A723128A-AB50-462D-B554-FEB90B39C69C}.Debug|Any CPU.ActiveCfg = Debug|Any CPU
		{A723128A-AB50-462D-B554-FEB90B39C69C}.Debug|Any CPU.Build.0 = Debug|Any CPU
		{A723128A-AB50-462D-B554-FEB90B39C69C}.Release|Any CPU.ActiveCfg = Release|Any CPU
		{A723128A-AB50-462D-B554-FEB90B39C69C}.Release|Any CPU.Build.0 = Release|Any CPU
	EndGlobalSection
	GlobalSection(SolutionProperties) = preSolution
		HideSolutionNode = FALSE
	EndGlobalSection
	GlobalSection(ExtensibilityGlobals) = postSolution
		SolutionGuid = {166356F9-92E1-4810-B354-06A486235D06}
	EndGlobalSection
EndGlobal
