
Microsoft Visual Studio Solution File, Format Version 12.00
# Visual Studio 15
VisualStudioVersion = 15.0.28010.2046
MinimumVisualStudioVersion = 10.0.40219.1
Project("{FAE04EC0-301F-11D3-BF4B-00C04F79EFBC}") = "DayOfWeek", "DayOfWeek\DayOfWeek.csproj", "{AC951572-B67A-49A1-B8A6-54BC55C7E0A2}"
EndProject
Project("{FAE04EC0-301F-11D3-BF4B-00C04F79EFBC}") = "RandomizeWords", "RandomizeWords\RandomizeWords.csproj", "{1DAD446B-8401-4E45-9948-4D9E71249E45}"
EndProject
Project("{FAE04EC0-301F-11D3-BF4B-00C04F79EFBC}") = "BigFactorial", "BigFactorial\BigFactorial.csproj", "{50020410-A0F1-4F7D-9DC3-69F05399F7BF}"
EndProject
Project("{FAE04EC0-301F-11D3-BF4B-00C04F79EFBC}") = "Songs", "Songs\Songs.csproj", "{8E7B76D1-C30F-40BC-BCF8-FB3488E3C265}"
EndProject
Project("{FAE04EC0-301F-11D3-BF4B-00C04F79EFBC}") = "Students", "Students\Students.csproj", "{253B41E4-802E-40B5-955F-04B2AA8DE59C}"
EndProject
Project("{FAE04EC0-301F-11D3-BF4B-00C04F79EFBC}") = "Students2.0", "Students2.0\Students2.0.csproj", "{A98F29C6-EF31-4144-8384-5E91209BC221}"
EndProject
Project("{FAE04EC0-301F-11D3-BF4B-00C04F79EFBC}") = "StoreBoxes", "StoreBoxes\StoreBoxes.csproj", "{C7D071BA-62EC-4F70-8E0B-EEC74F89C316}"
EndProject
Project("{FAE04EC0-301F-11D3-BF4B-00C04F79EFBC}") = "VechicleCatalogue", "VechicleCatalogue\VechicleCatalogue.csproj", "{7CB31CF8-9120-41FB-975A-81ABC7083827}"
EndProject
Global
	GlobalSection(SolutionConfigurationPlatforms) = preSolution
		Debug|Any CPU = Debug|Any CPU
		Release|Any CPU = Release|Any CPU
	EndGlobalSection
	GlobalSection(ProjectConfigurationPlatforms) = postSolution
		{AC951572-B67A-49A1-B8A6-54BC55C7E0A2}.Debug|Any CPU.ActiveCfg = Debug|Any CPU
		{AC951572-B67A-49A1-B8A6-54BC55C7E0A2}.Debug|Any CPU.Build.0 = Debug|Any CPU
		{AC951572-B67A-49A1-B8A6-54BC55C7E0A2}.Release|Any CPU.ActiveCfg = Release|Any CPU
		{AC951572-B67A-49A1-B8A6-54BC55C7E0A2}.Release|Any CPU.Build.0 = Release|Any CPU
		{1DAD446B-8401-4E45-9948-4D9E71249E45}.Debug|Any CPU.ActiveCfg = Debug|Any CPU
		{1DAD446B-8401-4E45-9948-4D9E71249E45}.Debug|Any CPU.Build.0 = Debug|Any CPU
		{1DAD446B-8401-4E45-9948-4D9E71249E45}.Release|Any CPU.ActiveCfg = Release|Any CPU
		{1DAD446B-8401-4E45-9948-4D9E71249E45}.Release|Any CPU.Build.0 = Release|Any CPU
		{50020410-A0F1-4F7D-9DC3-69F05399F7BF}.Debug|Any CPU.ActiveCfg = Debug|Any CPU
		{50020410-A0F1-4F7D-9DC3-69F05399F7BF}.Debug|Any CPU.Build.0 = Debug|Any CPU
		{50020410-A0F1-4F7D-9DC3-69F05399F7BF}.Release|Any CPU.ActiveCfg = Release|Any CPU
		{50020410-A0F1-4F7D-9DC3-69F05399F7BF}.Release|Any CPU.Build.0 = Release|Any CPU
		{8E7B76D1-C30F-40BC-BCF8-FB3488E3C265}.Debug|Any CPU.ActiveCfg = Debug|Any CPU
		{8E7B76D1-C30F-40BC-BCF8-FB3488E3C265}.Debug|Any CPU.Build.0 = Debug|Any CPU
		{8E7B76D1-C30F-40BC-BCF8-FB3488E3C265}.Release|Any CPU.ActiveCfg = Release|Any CPU
		{8E7B76D1-C30F-40BC-BCF8-FB3488E3C265}.Release|Any CPU.Build.0 = Release|Any CPU
		{253B41E4-802E-40B5-955F-04B2AA8DE59C}.Debug|Any CPU.ActiveCfg = Debug|Any CPU
		{253B41E4-802E-40B5-955F-04B2AA8DE59C}.Debug|Any CPU.Build.0 = Debug|Any CPU
		{253B41E4-802E-40B5-955F-04B2AA8DE59C}.Release|Any CPU.ActiveCfg = Release|Any CPU
		{253B41E4-802E-40B5-955F-04B2AA8DE59C}.Release|Any CPU.Build.0 = Release|Any CPU
		{A98F29C6-EF31-4144-8384-5E91209BC221}.Debug|Any CPU.ActiveCfg = Debug|Any CPU
		{A98F29C6-EF31-4144-8384-5E91209BC221}.Debug|Any CPU.Build.0 = Debug|Any CPU
		{A98F29C6-EF31-4144-8384-5E91209BC221}.Release|Any CPU.ActiveCfg = Release|Any CPU
		{A98F29C6-EF31-4144-8384-5E91209BC221}.Release|Any CPU.Build.0 = Release|Any CPU
		{C7D071BA-62EC-4F70-8E0B-EEC74F89C316}.Debug|Any CPU.ActiveCfg = Debug|Any CPU
		{C7D071BA-62EC-4F70-8E0B-EEC74F89C316}.Debug|Any CPU.Build.0 = Debug|Any CPU
		{C7D071BA-62EC-4F70-8E0B-EEC74F89C316}.Release|Any CPU.ActiveCfg = Release|Any CPU
		{C7D071BA-62EC-4F70-8E0B-EEC74F89C316}.Release|Any CPU.Build.0 = Release|Any CPU
		{7CB31CF8-9120-41FB-975A-81ABC7083827}.Debug|Any CPU.ActiveCfg = Debug|Any CPU
		{7CB31CF8-9120-41FB-975A-81ABC7083827}.Debug|Any CPU.Build.0 = Debug|Any CPU
		{7CB31CF8-9120-41FB-975A-81ABC7083827}.Release|Any CPU.ActiveCfg = Release|Any CPU
		{7CB31CF8-9120-41FB-975A-81ABC7083827}.Release|Any CPU.Build.0 = Release|Any CPU
	EndGlobalSection
	GlobalSection(SolutionProperties) = preSolution
		HideSolutionNode = FALSE
	EndGlobalSection
	GlobalSection(ExtensibilityGlobals) = postSolution
		SolutionGuid = {2E757A61-9259-4C32-B5C7-323FEA49977B}
	EndGlobalSection
EndGlobal
