
Microsoft Visual Studio Solution File, Format Version 12.00
# Visual Studio 15
VisualStudioVersion = 15.0.28010.2046
MinimumVisualStudioVersion = 10.0.40219.1
Project("{9A19103F-16F7-4668-BE54-9A1E7A4F7556}") = "WinningTicket", "WinningTicket\WinningTicket.csproj", "{7BA5675D-BF2A-4D43-85FE-BE2F7F673FD8}"
EndProject
Project("{9A19103F-16F7-4668-BE54-9A1E7A4F7556}") = "RageQuit", "RageQuit\RageQuit.csproj", "{E2D47C79-C8ED-49DB-8BE7-A86A714CAC52}"
EndProject
Project("{9A19103F-16F7-4668-BE54-9A1E7A4F7556}") = "LettersChangeNumbers", "LettersChangeNumbers\LettersChangeNumbers.csproj", "{E8E14B4D-AB0B-4BC4-B297-A3D3FB8DD1E4}"
EndProject
Project("{9A19103F-16F7-4668-BE54-9A1E7A4F7556}") = "StringExplosion", "StringExplosion\StringExplosion.csproj", "{09B3DDF3-A7E6-402A-B918-AC2B461913C5}"
EndProject
Project("{9A19103F-16F7-4668-BE54-9A1E7A4F7556}") = "ReplaceAllCharacters", "ReplaceAllCharacters\ReplaceAllCharacters.csproj", "{CF1BD4DA-38A6-45D9-928E-856612B0592E}"
EndProject
Project("{9A19103F-16F7-4668-BE54-9A1E7A4F7556}") = "MultiplyBigNumber", "MultiplyBigNumber\MultiplyBigNumber.csproj", "{4E4414E4-130B-44CA-804B-605556D7C062}"
EndProject
Project("{9A19103F-16F7-4668-BE54-9A1E7A4F7556}") = "CaesarCipher", "CaesarCipher\CaesarCipher.csproj", "{3CECD714-B3E0-40D4-BAD0-DFB991363B53}"
EndProject
Project("{9A19103F-16F7-4668-BE54-9A1E7A4F7556}") = "ExtractFile", "ExtractFile\ExtractFile.csproj", "{6D76EE74-9060-477F-9A68-15B33200FA65}"
EndProject
Project("{9A19103F-16F7-4668-BE54-9A1E7A4F7556}") = "CharacterMultiplier", "CharacterMultiplier\CharacterMultiplier.csproj", "{542BAEB1-9F62-4B70-830A-B0B8532FBDF2}"
EndProject
Project("{9A19103F-16F7-4668-BE54-9A1E7A4F7556}") = "ValidUsernames", "ValidUsernames\ValidUsernames.csproj", "{C4AFB373-20FC-4037-BC46-DC83C70C2136}"
EndProject
Project("{9A19103F-16F7-4668-BE54-9A1E7A4F7556}") = "RageQuitNew", "RageQuitNew\RageQuitNew.csproj", "{4E7040A6-D950-415C-B19B-1147A522583F}"
EndProject
Project("{FAE04EC0-301F-11D3-BF4B-00C04F79EFBC}") = "RageQuitNonRegex", "RageQuitNonRegex\RageQuitNonRegex.csproj", "{6E16D022-46D1-4642-9E6E-01827AF55F76}"
EndProject
Global
	GlobalSection(SolutionConfigurationPlatforms) = preSolution
		Debug|Any CPU = Debug|Any CPU
		Release|Any CPU = Release|Any CPU
	EndGlobalSection
	GlobalSection(ProjectConfigurationPlatforms) = postSolution
		{7BA5675D-BF2A-4D43-85FE-BE2F7F673FD8}.Debug|Any CPU.ActiveCfg = Debug|Any CPU
		{7BA5675D-BF2A-4D43-85FE-BE2F7F673FD8}.Debug|Any CPU.Build.0 = Debug|Any CPU
		{7BA5675D-BF2A-4D43-85FE-BE2F7F673FD8}.Release|Any CPU.ActiveCfg = Release|Any CPU
		{7BA5675D-BF2A-4D43-85FE-BE2F7F673FD8}.Release|Any CPU.Build.0 = Release|Any CPU
		{E2D47C79-C8ED-49DB-8BE7-A86A714CAC52}.Debug|Any CPU.ActiveCfg = Debug|Any CPU
		{E2D47C79-C8ED-49DB-8BE7-A86A714CAC52}.Debug|Any CPU.Build.0 = Debug|Any CPU
		{E2D47C79-C8ED-49DB-8BE7-A86A714CAC52}.Release|Any CPU.ActiveCfg = Release|Any CPU
		{E2D47C79-C8ED-49DB-8BE7-A86A714CAC52}.Release|Any CPU.Build.0 = Release|Any CPU
		{E8E14B4D-AB0B-4BC4-B297-A3D3FB8DD1E4}.Debug|Any CPU.ActiveCfg = Debug|Any CPU
		{E8E14B4D-AB0B-4BC4-B297-A3D3FB8DD1E4}.Debug|Any CPU.Build.0 = Debug|Any CPU
		{E8E14B4D-AB0B-4BC4-B297-A3D3FB8DD1E4}.Release|Any CPU.ActiveCfg = Release|Any CPU
		{E8E14B4D-AB0B-4BC4-B297-A3D3FB8DD1E4}.Release|Any CPU.Build.0 = Release|Any CPU
		{09B3DDF3-A7E6-402A-B918-AC2B461913C5}.Debug|Any CPU.ActiveCfg = Debug|Any CPU
		{09B3DDF3-A7E6-402A-B918-AC2B461913C5}.Debug|Any CPU.Build.0 = Debug|Any CPU
		{09B3DDF3-A7E6-402A-B918-AC2B461913C5}.Release|Any CPU.ActiveCfg = Release|Any CPU
		{09B3DDF3-A7E6-402A-B918-AC2B461913C5}.Release|Any CPU.Build.0 = Release|Any CPU
		{CF1BD4DA-38A6-45D9-928E-856612B0592E}.Debug|Any CPU.ActiveCfg = Debug|Any CPU
		{CF1BD4DA-38A6-45D9-928E-856612B0592E}.Debug|Any CPU.Build.0 = Debug|Any CPU
		{CF1BD4DA-38A6-45D9-928E-856612B0592E}.Release|Any CPU.ActiveCfg = Release|Any CPU
		{CF1BD4DA-38A6-45D9-928E-856612B0592E}.Release|Any CPU.Build.0 = Release|Any CPU
		{4E4414E4-130B-44CA-804B-605556D7C062}.Debug|Any CPU.ActiveCfg = Debug|Any CPU
		{4E4414E4-130B-44CA-804B-605556D7C062}.Debug|Any CPU.Build.0 = Debug|Any CPU
		{4E4414E4-130B-44CA-804B-605556D7C062}.Release|Any CPU.ActiveCfg = Release|Any CPU
		{4E4414E4-130B-44CA-804B-605556D7C062}.Release|Any CPU.Build.0 = Release|Any CPU
		{3CECD714-B3E0-40D4-BAD0-DFB991363B53}.Debug|Any CPU.ActiveCfg = Debug|Any CPU
		{3CECD714-B3E0-40D4-BAD0-DFB991363B53}.Debug|Any CPU.Build.0 = Debug|Any CPU
		{3CECD714-B3E0-40D4-BAD0-DFB991363B53}.Release|Any CPU.ActiveCfg = Release|Any CPU
		{3CECD714-B3E0-40D4-BAD0-DFB991363B53}.Release|Any CPU.Build.0 = Release|Any CPU
		{6D76EE74-9060-477F-9A68-15B33200FA65}.Debug|Any CPU.ActiveCfg = Debug|Any CPU
		{6D76EE74-9060-477F-9A68-15B33200FA65}.Debug|Any CPU.Build.0 = Debug|Any CPU
		{6D76EE74-9060-477F-9A68-15B33200FA65}.Release|Any CPU.ActiveCfg = Release|Any CPU
		{6D76EE74-9060-477F-9A68-15B33200FA65}.Release|Any CPU.Build.0 = Release|Any CPU
		{542BAEB1-9F62-4B70-830A-B0B8532FBDF2}.Debug|Any CPU.ActiveCfg = Debug|Any CPU
		{542BAEB1-9F62-4B70-830A-B0B8532FBDF2}.Debug|Any CPU.Build.0 = Debug|Any CPU
		{542BAEB1-9F62-4B70-830A-B0B8532FBDF2}.Release|Any CPU.ActiveCfg = Release|Any CPU
		{542BAEB1-9F62-4B70-830A-B0B8532FBDF2}.Release|Any CPU.Build.0 = Release|Any CPU
		{C4AFB373-20FC-4037-BC46-DC83C70C2136}.Debug|Any CPU.ActiveCfg = Debug|Any CPU
		{C4AFB373-20FC-4037-BC46-DC83C70C2136}.Debug|Any CPU.Build.0 = Debug|Any CPU
		{C4AFB373-20FC-4037-BC46-DC83C70C2136}.Release|Any CPU.ActiveCfg = Release|Any CPU
		{C4AFB373-20FC-4037-BC46-DC83C70C2136}.Release|Any CPU.Build.0 = Release|Any CPU
		{4E7040A6-D950-415C-B19B-1147A522583F}.Debug|Any CPU.ActiveCfg = Debug|Any CPU
		{4E7040A6-D950-415C-B19B-1147A522583F}.Debug|Any CPU.Build.0 = Debug|Any CPU
		{4E7040A6-D950-415C-B19B-1147A522583F}.Release|Any CPU.ActiveCfg = Release|Any CPU
		{4E7040A6-D950-415C-B19B-1147A522583F}.Release|Any CPU.Build.0 = Release|Any CPU
		{6E16D022-46D1-4642-9E6E-01827AF55F76}.Debug|Any CPU.ActiveCfg = Debug|Any CPU
		{6E16D022-46D1-4642-9E6E-01827AF55F76}.Debug|Any CPU.Build.0 = Debug|Any CPU
		{6E16D022-46D1-4642-9E6E-01827AF55F76}.Release|Any CPU.ActiveCfg = Release|Any CPU
		{6E16D022-46D1-4642-9E6E-01827AF55F76}.Release|Any CPU.Build.0 = Release|Any CPU
	EndGlobalSection
	GlobalSection(SolutionProperties) = preSolution
		HideSolutionNode = FALSE
	EndGlobalSection
	GlobalSection(ExtensibilityGlobals) = postSolution
		SolutionGuid = {4DC93990-2A2E-4D86-919F-182BBB7B682C}
	EndGlobalSection
EndGlobal
