
Microsoft Visual Studio Solution File, Format Version 12.00
# Visual Studio 15
VisualStudioVersion = 15.0.27703.2026
MinimumVisualStudioVersion = 10.0.40219.1
Project("{FAE04EC0-301F-11D3-BF4B-00C04F79EFBC}") = "IntegerOperations", "IntegerOperations\IntegerOperations.csproj", "{731AA3EE-DB59-4607-9AC5-52792B86DBE0}"
EndProject
Project("{FAE04EC0-301F-11D3-BF4B-00C04F79EFBC}") = "CircleArea", "CircleArea\CircleArea.csproj", "{EB48CE1F-2E45-4C8B-8AD1-4BEA2B29FD3F}"
EndProject
Project("{FAE04EC0-301F-11D3-BF4B-00C04F79EFBC}") = "ExactSumOfRealNumbers", "ExactSumOfRealNumbers\ExactSumOfRealNumbers.csproj", "{4EA240DC-30E1-4283-83E9-9AA6E943ADFD}"
EndProject
Project("{FAE04EC0-301F-11D3-BF4B-00C04F79EFBC}") = "Elevator", "Elevator\Elevator.csproj", "{A32B1A51-6D6E-4E39-87D3-28A9F063B616}"
EndProject
Project("{FAE04EC0-301F-11D3-BF4B-00C04F79EFBC}") = "CenturiesToMinutes", "CenturiesToMinutes\CenturiesToMinutes.csproj", "{5650D297-A48B-4DC2-9262-21323452356A}"
EndProject
Project("{FAE04EC0-301F-11D3-BF4B-00C04F79EFBC}") = "SpecialNumbers", "SpecialNumbers\SpecialNumbers.csproj", "{67A80271-1D86-480D-A391-471402CC3C65}"
EndProject
Project("{FAE04EC0-301F-11D3-BF4B-00C04F79EFBC}") = "TripplesOfLatinLetters", "TripplesOfLatinLetters\TripplesOfLatinLetters.csproj", "{A2264EEF-F4F8-4F5F-B3F9-24F905667CA7}"
EndProject
Project("{FAE04EC0-301F-11D3-BF4B-00C04F79EFBC}") = "ConcatNames", "ConcatNames\ConcatNames.csproj", "{DD9EA18C-5034-45A8-801E-AE11ED033A88}"
EndProject
Project("{FAE04EC0-301F-11D3-BF4B-00C04F79EFBC}") = "RefactorVolumeOfPyramid", "RefactorVolumeOfPyramid\RefactorVolumeOfPyramid.csproj", "{4C73D99E-77FA-4A23-9D77-DF8489C2A1ED}"
EndProject
Project("{FAE04EC0-301F-11D3-BF4B-00C04F79EFBC}") = "RefactorSpecialNumbers", "RefactorSpecialNumbers\RefactorSpecialNumbers.csproj", "{67050387-9477-4511-805D-E747E9A71F9B}"
EndProject
Global
	GlobalSection(SolutionConfigurationPlatforms) = preSolution
		Debug|Any CPU = Debug|Any CPU
		Release|Any CPU = Release|Any CPU
	EndGlobalSection
	GlobalSection(ProjectConfigurationPlatforms) = postSolution
		{731AA3EE-DB59-4607-9AC5-52792B86DBE0}.Debug|Any CPU.ActiveCfg = Debug|Any CPU
		{731AA3EE-DB59-4607-9AC5-52792B86DBE0}.Debug|Any CPU.Build.0 = Debug|Any CPU
		{731AA3EE-DB59-4607-9AC5-52792B86DBE0}.Release|Any CPU.ActiveCfg = Release|Any CPU
		{731AA3EE-DB59-4607-9AC5-52792B86DBE0}.Release|Any CPU.Build.0 = Release|Any CPU
		{EB48CE1F-2E45-4C8B-8AD1-4BEA2B29FD3F}.Debug|Any CPU.ActiveCfg = Debug|Any CPU
		{EB48CE1F-2E45-4C8B-8AD1-4BEA2B29FD3F}.Debug|Any CPU.Build.0 = Debug|Any CPU
		{EB48CE1F-2E45-4C8B-8AD1-4BEA2B29FD3F}.Release|Any CPU.ActiveCfg = Release|Any CPU
		{EB48CE1F-2E45-4C8B-8AD1-4BEA2B29FD3F}.Release|Any CPU.Build.0 = Release|Any CPU
		{4EA240DC-30E1-4283-83E9-9AA6E943ADFD}.Debug|Any CPU.ActiveCfg = Debug|Any CPU
		{4EA240DC-30E1-4283-83E9-9AA6E943ADFD}.Debug|Any CPU.Build.0 = Debug|Any CPU
		{4EA240DC-30E1-4283-83E9-9AA6E943ADFD}.Release|Any CPU.ActiveCfg = Release|Any CPU
		{4EA240DC-30E1-4283-83E9-9AA6E943ADFD}.Release|Any CPU.Build.0 = Release|Any CPU
		{A32B1A51-6D6E-4E39-87D3-28A9F063B616}.Debug|Any CPU.ActiveCfg = Debug|Any CPU
		{A32B1A51-6D6E-4E39-87D3-28A9F063B616}.Debug|Any CPU.Build.0 = Debug|Any CPU
		{A32B1A51-6D6E-4E39-87D3-28A9F063B616}.Release|Any CPU.ActiveCfg = Release|Any CPU
		{A32B1A51-6D6E-4E39-87D3-28A9F063B616}.Release|Any CPU.Build.0 = Release|Any CPU
		{5650D297-A48B-4DC2-9262-21323452356A}.Debug|Any CPU.ActiveCfg = Debug|Any CPU
		{5650D297-A48B-4DC2-9262-21323452356A}.Debug|Any CPU.Build.0 = Debug|Any CPU
		{5650D297-A48B-4DC2-9262-21323452356A}.Release|Any CPU.ActiveCfg = Release|Any CPU
		{5650D297-A48B-4DC2-9262-21323452356A}.Release|Any CPU.Build.0 = Release|Any CPU
		{67A80271-1D86-480D-A391-471402CC3C65}.Debug|Any CPU.ActiveCfg = Debug|Any CPU
		{67A80271-1D86-480D-A391-471402CC3C65}.Debug|Any CPU.Build.0 = Debug|Any CPU
		{67A80271-1D86-480D-A391-471402CC3C65}.Release|Any CPU.ActiveCfg = Release|Any CPU
		{67A80271-1D86-480D-A391-471402CC3C65}.Release|Any CPU.Build.0 = Release|Any CPU
		{A2264EEF-F4F8-4F5F-B3F9-24F905667CA7}.Debug|Any CPU.ActiveCfg = Debug|Any CPU
		{A2264EEF-F4F8-4F5F-B3F9-24F905667CA7}.Debug|Any CPU.Build.0 = Debug|Any CPU
		{A2264EEF-F4F8-4F5F-B3F9-24F905667CA7}.Release|Any CPU.ActiveCfg = Release|Any CPU
		{A2264EEF-F4F8-4F5F-B3F9-24F905667CA7}.Release|Any CPU.Build.0 = Release|Any CPU
		{DD9EA18C-5034-45A8-801E-AE11ED033A88}.Debug|Any CPU.ActiveCfg = Debug|Any CPU
		{DD9EA18C-5034-45A8-801E-AE11ED033A88}.Debug|Any CPU.Build.0 = Debug|Any CPU
		{DD9EA18C-5034-45A8-801E-AE11ED033A88}.Release|Any CPU.ActiveCfg = Release|Any CPU
		{DD9EA18C-5034-45A8-801E-AE11ED033A88}.Release|Any CPU.Build.0 = Release|Any CPU
		{4C73D99E-77FA-4A23-9D77-DF8489C2A1ED}.Debug|Any CPU.ActiveCfg = Debug|Any CPU
		{4C73D99E-77FA-4A23-9D77-DF8489C2A1ED}.Debug|Any CPU.Build.0 = Debug|Any CPU
		{4C73D99E-77FA-4A23-9D77-DF8489C2A1ED}.Release|Any CPU.ActiveCfg = Release|Any CPU
		{4C73D99E-77FA-4A23-9D77-DF8489C2A1ED}.Release|Any CPU.Build.0 = Release|Any CPU
		{67050387-9477-4511-805D-E747E9A71F9B}.Debug|Any CPU.ActiveCfg = Debug|Any CPU
		{67050387-9477-4511-805D-E747E9A71F9B}.Debug|Any CPU.Build.0 = Debug|Any CPU
		{67050387-9477-4511-805D-E747E9A71F9B}.Release|Any CPU.ActiveCfg = Release|Any CPU
		{67050387-9477-4511-805D-E747E9A71F9B}.Release|Any CPU.Build.0 = Release|Any CPU
	EndGlobalSection
	GlobalSection(SolutionProperties) = preSolution
		HideSolutionNode = FALSE
	EndGlobalSection
	GlobalSection(ExtensibilityGlobals) = postSolution
		SolutionGuid = {87882C62-EBC0-4CB7-9E74-C844C3D5D25B}
	EndGlobalSection
EndGlobal
