
Microsoft Visual Studio Solution File, Format Version 12.00
# Visual Studio 15
VisualStudioVersion = 15.0.28010.2046
MinimumVisualStudioVersion = 10.0.40219.1
Project("{FAE04EC0-301F-11D3-BF4B-00C04F79EFBC}") = "CompanyRoster", "CompanyRoster\CompanyRoster.csproj", "{3C8A22C2-6DD1-4947-8BD4-F8399D5BF88C}"
EndProject
Project("{FAE04EC0-301F-11D3-BF4B-00C04F79EFBC}") = "OldestFamilyMember", "OldestFamilyMember\OldestFamilyMember.csproj", "{1ED26E11-82BD-4DA0-8812-C370863A561D}"
EndProject
Project("{FAE04EC0-301F-11D3-BF4B-00C04F79EFBC}") = "SpeedRacing", "SpeedRacing\SpeedRacing.csproj", "{C80FCD0C-E93E-4BF4-A0B6-FC0A46FA868E}"
EndProject
Project("{FAE04EC0-301F-11D3-BF4B-00C04F79EFBC}") = "RawData", "RawData\RawData.csproj", "{E067C4F0-6F14-4823-AB42-41D71AF3F9C6}"
EndProject
Project("{FAE04EC0-301F-11D3-BF4B-00C04F79EFBC}") = "ShoppingSpree", "ShoppingSpree\ShoppingSpree.csproj", "{FBB63D8A-0B1B-4585-9ECB-C8CD5E50FA0D}"
EndProject
Global
	GlobalSection(SolutionConfigurationPlatforms) = preSolution
		Debug|Any CPU = Debug|Any CPU
		Release|Any CPU = Release|Any CPU
	EndGlobalSection
	GlobalSection(ProjectConfigurationPlatforms) = postSolution
		{3C8A22C2-6DD1-4947-8BD4-F8399D5BF88C}.Debug|Any CPU.ActiveCfg = Debug|Any CPU
		{3C8A22C2-6DD1-4947-8BD4-F8399D5BF88C}.Debug|Any CPU.Build.0 = Debug|Any CPU
		{3C8A22C2-6DD1-4947-8BD4-F8399D5BF88C}.Release|Any CPU.ActiveCfg = Release|Any CPU
		{3C8A22C2-6DD1-4947-8BD4-F8399D5BF88C}.Release|Any CPU.Build.0 = Release|Any CPU
		{1ED26E11-82BD-4DA0-8812-C370863A561D}.Debug|Any CPU.ActiveCfg = Debug|Any CPU
		{1ED26E11-82BD-4DA0-8812-C370863A561D}.Debug|Any CPU.Build.0 = Debug|Any CPU
		{1ED26E11-82BD-4DA0-8812-C370863A561D}.Release|Any CPU.ActiveCfg = Release|Any CPU
		{1ED26E11-82BD-4DA0-8812-C370863A561D}.Release|Any CPU.Build.0 = Release|Any CPU
		{C80FCD0C-E93E-4BF4-A0B6-FC0A46FA868E}.Debug|Any CPU.ActiveCfg = Debug|Any CPU
		{C80FCD0C-E93E-4BF4-A0B6-FC0A46FA868E}.Debug|Any CPU.Build.0 = Debug|Any CPU
		{C80FCD0C-E93E-4BF4-A0B6-FC0A46FA868E}.Release|Any CPU.ActiveCfg = Release|Any CPU
		{C80FCD0C-E93E-4BF4-A0B6-FC0A46FA868E}.Release|Any CPU.Build.0 = Release|Any CPU
		{E067C4F0-6F14-4823-AB42-41D71AF3F9C6}.Debug|Any CPU.ActiveCfg = Debug|Any CPU
		{E067C4F0-6F14-4823-AB42-41D71AF3F9C6}.Debug|Any CPU.Build.0 = Debug|Any CPU
		{E067C4F0-6F14-4823-AB42-41D71AF3F9C6}.Release|Any CPU.ActiveCfg = Release|Any CPU
		{E067C4F0-6F14-4823-AB42-41D71AF3F9C6}.Release|Any CPU.Build.0 = Release|Any CPU
		{FBB63D8A-0B1B-4585-9ECB-C8CD5E50FA0D}.Debug|Any CPU.ActiveCfg = Debug|Any CPU
		{FBB63D8A-0B1B-4585-9ECB-C8CD5E50FA0D}.Debug|Any CPU.Build.0 = Debug|Any CPU
		{FBB63D8A-0B1B-4585-9ECB-C8CD5E50FA0D}.Release|Any CPU.ActiveCfg = Release|Any CPU
		{FBB63D8A-0B1B-4585-9ECB-C8CD5E50FA0D}.Release|Any CPU.Build.0 = Release|Any CPU
	EndGlobalSection
	GlobalSection(SolutionProperties) = preSolution
		HideSolutionNode = FALSE
	EndGlobalSection
	GlobalSection(ExtensibilityGlobals) = postSolution
		SolutionGuid = {21E32F1C-B280-400B-BFBD-720C1215D040}
	EndGlobalSection
EndGlobal
