
Microsoft Visual Studio Solution File, Format Version 12.00
# Visual Studio 15
VisualStudioVersion = 15.0.27703.2026
MinimumVisualStudioVersion = 10.0.40219.1
Project("{9A19103F-16F7-4668-BE54-9A1E7A4F7556}") = "Ages", "ConsoleApp1\Ages.csproj", "{A23CF6CB-4693-42CC-B32D-98DA6C6A15A8}"
EndProject
Project("{9A19103F-16F7-4668-BE54-9A1E7A4F7556}") = "Division", "Division\Division.csproj", "{7DC4EFE4-D375-4B82-875A-F78BE359BFAF}"
EndProject
Project("{9A19103F-16F7-4668-BE54-9A1E7A4F7556}") = "Vacation", "Vacation\Vacation.csproj", "{D243AEFA-A8BD-4F6C-A8BF-62DCC099EBD1}"
EndProject
Project("{FAE04EC0-301F-11D3-BF4B-00C04F79EFBC}") = "PrintAndSum", "PrintAndSum\PrintAndSum.csproj", "{95EC4E56-EDC4-4369-A568-F8B91E0DC9D2}"
EndProject
Project("{FAE04EC0-301F-11D3-BF4B-00C04F79EFBC}") = "Login", "Login\Login.csproj", "{AC0939F1-8B53-4805-B234-E05D2F547952}"
EndProject
Project("{FAE04EC0-301F-11D3-BF4B-00C04F79EFBC}") = "StrongNumber", "StrongNumber\StrongNumber.csproj", "{2449CAEF-0F16-44D2-99C5-B18FD7A26A32}"
EndProject
Project("{FAE04EC0-301F-11D3-BF4B-00C04F79EFBC}") = "VendingMachine", "VendingMachine\VendingMachine.csproj", "{39199E2D-F8F2-4827-BCC1-956FD96076B1}"
EndProject
Project("{FAE04EC0-301F-11D3-BF4B-00C04F79EFBC}") = "TriangleOfNumbers", "TriangleOfNumbers\TriangleOfNumbers.csproj", "{387EADC1-9898-4011-A12F-36D71FAE537D}"
EndProject
Project("{FAE04EC0-301F-11D3-BF4B-00C04F79EFBC}") = "PadawanEquipment", "PadawanEquipment\PadawanEquipment.csproj", "{A5353811-618E-4743-B1D0-04DAB8E16024}"
EndProject
Global
	GlobalSection(SolutionConfigurationPlatforms) = preSolution
		Debug|Any CPU = Debug|Any CPU
		Release|Any CPU = Release|Any CPU
	EndGlobalSection
	GlobalSection(ProjectConfigurationPlatforms) = postSolution
		{A23CF6CB-4693-42CC-B32D-98DA6C6A15A8}.Debug|Any CPU.ActiveCfg = Debug|Any CPU
		{A23CF6CB-4693-42CC-B32D-98DA6C6A15A8}.Debug|Any CPU.Build.0 = Debug|Any CPU
		{A23CF6CB-4693-42CC-B32D-98DA6C6A15A8}.Release|Any CPU.ActiveCfg = Release|Any CPU
		{A23CF6CB-4693-42CC-B32D-98DA6C6A15A8}.Release|Any CPU.Build.0 = Release|Any CPU
		{7DC4EFE4-D375-4B82-875A-F78BE359BFAF}.Debug|Any CPU.ActiveCfg = Debug|Any CPU
		{7DC4EFE4-D375-4B82-875A-F78BE359BFAF}.Debug|Any CPU.Build.0 = Debug|Any CPU
		{7DC4EFE4-D375-4B82-875A-F78BE359BFAF}.Release|Any CPU.ActiveCfg = Release|Any CPU
		{7DC4EFE4-D375-4B82-875A-F78BE359BFAF}.Release|Any CPU.Build.0 = Release|Any CPU
		{D243AEFA-A8BD-4F6C-A8BF-62DCC099EBD1}.Debug|Any CPU.ActiveCfg = Debug|Any CPU
		{D243AEFA-A8BD-4F6C-A8BF-62DCC099EBD1}.Debug|Any CPU.Build.0 = Debug|Any CPU
		{D243AEFA-A8BD-4F6C-A8BF-62DCC099EBD1}.Release|Any CPU.ActiveCfg = Release|Any CPU
		{D243AEFA-A8BD-4F6C-A8BF-62DCC099EBD1}.Release|Any CPU.Build.0 = Release|Any CPU
		{95EC4E56-EDC4-4369-A568-F8B91E0DC9D2}.Debug|Any CPU.ActiveCfg = Debug|Any CPU
		{95EC4E56-EDC4-4369-A568-F8B91E0DC9D2}.Debug|Any CPU.Build.0 = Debug|Any CPU
		{95EC4E56-EDC4-4369-A568-F8B91E0DC9D2}.Release|Any CPU.ActiveCfg = Release|Any CPU
		{95EC4E56-EDC4-4369-A568-F8B91E0DC9D2}.Release|Any CPU.Build.0 = Release|Any CPU
		{AC0939F1-8B53-4805-B234-E05D2F547952}.Debug|Any CPU.ActiveCfg = Debug|Any CPU
		{AC0939F1-8B53-4805-B234-E05D2F547952}.Debug|Any CPU.Build.0 = Debug|Any CPU
		{AC0939F1-8B53-4805-B234-E05D2F547952}.Release|Any CPU.ActiveCfg = Release|Any CPU
		{AC0939F1-8B53-4805-B234-E05D2F547952}.Release|Any CPU.Build.0 = Release|Any CPU
		{2449CAEF-0F16-44D2-99C5-B18FD7A26A32}.Debug|Any CPU.ActiveCfg = Debug|Any CPU
		{2449CAEF-0F16-44D2-99C5-B18FD7A26A32}.Debug|Any CPU.Build.0 = Debug|Any CPU
		{2449CAEF-0F16-44D2-99C5-B18FD7A26A32}.Release|Any CPU.ActiveCfg = Release|Any CPU
		{2449CAEF-0F16-44D2-99C5-B18FD7A26A32}.Release|Any CPU.Build.0 = Release|Any CPU
		{39199E2D-F8F2-4827-BCC1-956FD96076B1}.Debug|Any CPU.ActiveCfg = Debug|Any CPU
		{39199E2D-F8F2-4827-BCC1-956FD96076B1}.Debug|Any CPU.Build.0 = Debug|Any CPU
		{39199E2D-F8F2-4827-BCC1-956FD96076B1}.Release|Any CPU.ActiveCfg = Release|Any CPU
		{39199E2D-F8F2-4827-BCC1-956FD96076B1}.Release|Any CPU.Build.0 = Release|Any CPU
		{387EADC1-9898-4011-A12F-36D71FAE537D}.Debug|Any CPU.ActiveCfg = Debug|Any CPU
		{387EADC1-9898-4011-A12F-36D71FAE537D}.Debug|Any CPU.Build.0 = Debug|Any CPU
		{387EADC1-9898-4011-A12F-36D71FAE537D}.Release|Any CPU.ActiveCfg = Release|Any CPU
		{387EADC1-9898-4011-A12F-36D71FAE537D}.Release|Any CPU.Build.0 = Release|Any CPU
		{A5353811-618E-4743-B1D0-04DAB8E16024}.Debug|Any CPU.ActiveCfg = Debug|Any CPU
		{A5353811-618E-4743-B1D0-04DAB8E16024}.Debug|Any CPU.Build.0 = Debug|Any CPU
		{A5353811-618E-4743-B1D0-04DAB8E16024}.Release|Any CPU.ActiveCfg = Release|Any CPU
		{A5353811-618E-4743-B1D0-04DAB8E16024}.Release|Any CPU.Build.0 = Release|Any CPU
	EndGlobalSection
	GlobalSection(SolutionProperties) = preSolution
		HideSolutionNode = FALSE
	EndGlobalSection
	GlobalSection(ExtensibilityGlobals) = postSolution
		SolutionGuid = {841E080B-A187-4E70-B9B7-37D0364A1D8F}
	EndGlobalSection
EndGlobal
